
Microsoft Visual Studio Solution File, Format Version 12.00
# Visual Studio Version 17
VisualStudioVersion = 17.7.34024.191
MinimumVisualStudioVersion = 10.0.40219.1
Project("{FAE04EC0-301F-11D3-BF4B-00C04F79EFBC}") = "WebApplication1", "WebApplication1\WebApplication1.csproj", "{D7E220DE-3FB7-45C4-A8E4-E9B29A77CB3D}"
EndProject
Global
	GlobalSection(SolutionConfigurationPlatforms) = preSolution
		Debug|Any CPU = Debug|Any CPU
		Release|Any CPU = Release|Any CPU
	EndGlobalSection
	GlobalSection(ProjectConfigurationPlatforms) = postSolution
		{D7E220DE-3FB7-45C4-A8E4-E9B29A77CB3D}.Debug|Any CPU.ActiveCfg = Debug|Any CPU
		{D7E220DE-3FB7-45C4-A8E4-E9B29A77CB3D}.Debug|Any CPU.Build.0 = Debug|Any CPU
		{D7E220DE-3FB7-45C4-A8E4-E9B29A77CB3D}.Release|Any CPU.ActiveCfg = Release|Any CPU
		{D7E220DE-3FB7-45C4-A8E4-E9B29A77CB3D}.Release|Any CPU.Build.0 = Release|Any CPU
	EndGlobalSection
	GlobalSection(SolutionProperties) = preSolution
		HideSolutionNode = FALSE
	EndGlobalSection
	GlobalSection(ExtensibilityGlobals) = postSolution
		SolutionGuid = {E3B3C341-14DE-46CB-B0A5-0FF15DD72088}
	EndGlobalSection
EndGlobal
